
Microsoft Visual Studio Solution File, Format Version 12.00
# Visual Studio Version 17
VisualStudioVersion = 17.10.34928.147
MinimumVisualStudioVersion = 10.0.40219.1
Project("{FAE04EC0-301F-11D3-BF4B-00C04F79EFBC}") = "HR Management System", "HR Management System\HR Management System.csproj", "{29581D32-FE66-4808-A049-AA4D202307B9}"
EndProject
Global
	GlobalSection(SolutionConfigurationPlatforms) = preSolution
		Debug|Any CPU = Debug|Any CPU
		Release|Any CPU = Release|Any CPU
	EndGlobalSection
	GlobalSection(ProjectConfigurationPlatforms) = postSolution
		{29581D32-FE66-4808-A049-AA4D202307B9}.Debug|Any CPU.ActiveCfg = Debug|Any CPU
		{29581D32-FE66-4808-A049-AA4D202307B9}.Debug|Any CPU.Build.0 = Debug|Any CPU
		{29581D32-FE66-4808-A049-AA4D202307B9}.Release|Any CPU.ActiveCfg = Release|Any CPU
		{29581D32-FE66-4808-A049-AA4D202307B9}.Release|Any CPU.Build.0 = Release|Any CPU
	EndGlobalSection
	GlobalSection(SolutionProperties) = preSolution
		HideSolutionNode = FALSE
	EndGlobalSection
	GlobalSection(ExtensibilityGlobals) = postSolution
		SolutionGuid = {3EAB94BE-D0BA-4B4B-898F-C95902EB4967}
	EndGlobalSection
EndGlobal
